<?xml version="1.0" encoding="utf-8"?>
<Project ToolsVersion="4.0" xmlns="http://schemas.microsoft.com/developer/msbuild/2003">
  <ItemGroup>
    <Filter Include="Source Files">
      <UniqueIdentifier>{4FC737F1-C7A5-4376-A066-2A32D752A2FF}</UniqueIdentifier>
      <Extensions>cpp;c;cc;cxx;def;odl;idl;hpj;bat;asm;asmx</Extensions>
    </Filter>
    <Filter Include="Header Files">
      <UniqueIdentifier>{93995380-89BD-4b04-88EB-625FBE52EBFB}</UniqueIdentifier>
      <Extensions>h;hh;hpp;hxx;hm;inl;inc;xsd</Extensions>
    </Filter>
    <Filter Include="Resource Files">
      <UniqueIdentifier>{67DA6AB6-F800-4c08-8B7A-83BB121AAD01}</UniqueIdentifier>
      <Extensions>rc;ico;cur;bmp;dlg;rc2;rct;bin;rgs;gif;jpg;jpeg;jpe;resx;tiff;tif;png;wav</Extensions>
    </Filter>
  </ItemGroup>
  <ItemGroup>
    <None Include="packages.config" />
    <None Include="CraftOSTest.lua">
      <Filter>Resource Files</Filter>
    </None>
    <None Include="src\platform_macapp.mm">
      <Filter>Source Files</Filter>
    </None>
    <None Include="DOCUMENTATION.md">
      <Filter>Resource Files</Filter>
    </None>
    <None Include=".travis.yml">
      <Filter>Resource Files</Filter>
    </None>
    <None Include="LICENSE">
      <Filter>Resource Files</Filter>
    </None>
    <None Include="Info.plist">
      <Filter>Resource Files</Filter>
    </None>
    <None Include="Makefile.in">
      <Filter>Resource Files</Filter>
    </None>
    <None Include="README.md">
      <Filter>Resource Files</Filter>
    </None>
    <None Include=".github\workflows\main.yml">
      <Filter>Resource Files</Filter>
    </None>
  </ItemGroup>
  <ItemGroup>
    <Image Include="..\..\Ccblink.ico">
      <Filter>Resource Files</Filter>
    </Image>
    <Image Include="image1.bmp">
      <Filter>Resource Files</Filter>
    </Image>
  </ItemGroup>
  <ItemGroup>
    <ClInclude Include="src\peripheral\monitor.hpp">
      <Filter>Header Files</Filter>
    </ClInclude>
    <ClInclude Include="src\peripheral\printer.hpp">
      <Filter>Header Files</Filter>
    </ClInclude>
    <ClInclude Include="resource.h">
      <Filter>Header Files</Filter>
    </ClInclude>
    <ClInclude Include="src\peripheral\computer.hpp">
      <Filter>Header Files</Filter>
    </ClInclude>
    <ClInclude Include="src\peripheral\modem.hpp">
      <Filter>Header Files</Filter>
    </ClInclude>
    <ClInclude Include="src\peripheral\peripheral.hpp">
      <Filter>Header Files</Filter>
    </ClInclude>
    <ClInclude Include="src\bit.hpp">
      <Filter>Header Files</Filter>
    </ClInclude>
    <ClInclude Include="src\Computer.hpp">
      <Filter>Header Files</Filter>
    </ClInclude>
    <ClInclude Include="src\config.hpp">
      <Filter>Header Files</Filter>
    </ClInclude>
    <ClInclude Include="src\favicon.h">
      <Filter>Header Files</Filter>
    </ClInclude>
    <ClInclude Include="src\fs.hpp">
      <Filter>Header Files</Filter>
    </ClInclude>
    <ClInclude Include="src\fs_handle.hpp">
      <Filter>Header Files</Filter>
    </ClInclude>
    <ClInclude Include="src\gif.hpp">
      <Filter>Header Files</Filter>
    </ClInclude>
    <ClInclude Include="src\http.hpp">
      <Filter>Header Files</Filter>
    </ClInclude>
    <ClInclude Include="src\http_handle.hpp">
      <Filter>Header Files</Filter>
    </ClInclude>
    <ClInclude Include="src\lib.hpp">
      <Filter>Header Files</Filter>
    </ClInclude>
    <ClInclude Include="src\mounter.hpp">
      <Filter>Header Files</Filter>
    </ClInclude>
    <ClInclude Include="src\os.hpp">
      <Filter>Header Files</Filter>
    </ClInclude>
    <ClInclude Include="src\periphemu.hpp">
      <Filter>Header Files</Filter>
    </ClInclude>
    <ClInclude Include="src\platform.hpp">
      <Filter>Header Files</Filter>
    </ClInclude>
    <ClInclude Include="src\redstone.hpp">
      <Filter>Header Files</Filter>
    </ClInclude>
    <ClInclude Include="src\term.hpp">
      <Filter>Header Files</Filter>
    </ClInclude>
    <ClInclude Include="src\peripheral\drive.hpp">
      <Filter>Header Files</Filter>
    </ClInclude>
    <ClInclude Include="src\peripheral\debugger.hpp">
      <Filter>Header Files</Filter>
    </ClInclude>
    <ClInclude Include="src\terminal\CLITerminal.hpp">
      <Filter>Header Files</Filter>
    </ClInclude>
    <ClInclude Include="src\terminal\RawTerminal.hpp">
      <Filter>Header Files</Filter>
    </ClInclude>
    <ClInclude Include="src\terminal\SDLTerminal.hpp">
      <Filter>Header Files</Filter>
    </ClInclude>
    <ClInclude Include="src\terminal\Terminal.hpp">
      <Filter>Header Files</Filter>
    </ClInclude>
    <ClInclude Include="src\peripheral\speaker.hpp">
      <Filter>Header Files</Filter>
    </ClInclude>
    <ClInclude Include="src\terminal\TRoRTerminal.hpp">
      <Filter>Header Files</Filter>
    </ClInclude>
  </ItemGroup>
  <ItemGroup>
    <ClCompile Include="src\peripheral\monitor.cpp">
      <Filter>Source Files</Filter>
    </ClCompile>
    <ClCompile Include="src\peripheral\peripheral.cpp">
      <Filter>Source Files</Filter>
    </ClCompile>
    <ClCompile Include="src\peripheral\printer.cpp">
      <Filter>Source Files</Filter>
    </ClCompile>
    <ClCompile Include="src\config.cpp">
      <Filter>Source Files</Filter>
    </ClCompile>
    <ClCompile Include="src\os.cpp">
      <Filter>Source Files</Filter>
    </ClCompile>
    <ClCompile Include="src\periphemu.cpp">
      <Filter>Source Files</Filter>
    </ClCompile>
    <ClCompile Include="src\platform.cpp">
      <Filter>Source Files</Filter>
    </ClCompile>
    <ClCompile Include="src\platform_darwin.cpp">
      <Filter>Source Files</Filter>
    </ClCompile>
    <ClCompile Include="src\platform_linux.cpp">
      <Filter>Source Files</Filter>
    </ClCompile>
    <ClCompile Include="src\platform_win.cpp">
      <Filter>Source Files</Filter>
    </ClCompile>
    <ClCompile Include="src\term.cpp">
      <Filter>Source Files</Filter>
    </ClCompile>
    <ClCompile Include="src\mounter.cpp">
      <Filter>Source Files</Filter>
    </ClCompile>
    <ClCompile Include="src\Computer.cpp">
      <Filter>Source Files</Filter>
    </ClCompile>
    <ClCompile Include="src\fs.cpp">
      <Filter>Source Files</Filter>
    </ClCompile>
    <ClCompile Include="src\fs_handle.cpp">
      <Filter>Source Files</Filter>
    </ClCompile>
    <ClCompile Include="src\http.cpp">
      <Filter>Source Files</Filter>
    </ClCompile>
    <ClCompile Include="src\http_handle.cpp">
      <Filter>Source Files</Filter>
    </ClCompile>
    <ClCompile Include="src\lib.cpp">
      <Filter>Source Files</Filter>
    </ClCompile>
    <ClCompile Include="src\main.cpp">
      <Filter>Source Files</Filter>
    </ClCompile>
    <ClCompile Include="src\peripheral\modem.cpp">
      <Filter>Source Files</Filter>
    </ClCompile>
    <ClCompile Include="src\peripheral\computer_p.cpp">
      <Filter>Source Files</Filter>
    </ClCompile>
    <ClCompile Include="src\peripheral\drive.cpp">
      <Filter>Source Files</Filter>
    </ClCompile>
    <ClCompile Include="src\font.c">
      <Filter>Source Files</Filter>
    </ClCompile>
    <ClCompile Include="src\peripheral\debugger.cpp">
      <Filter>Source Files</Filter>
    </ClCompile>
    <ClCompile Include="src\terminal\CLITerminal.cpp">
      <Filter>Source Files</Filter>
    </ClCompile>
    <ClCompile Include="src\terminal\RawTerminal.cpp">
      <Filter>Source Files</Filter>
    </ClCompile>
    <ClCompile Include="src\terminal\SDLTerminal.cpp">
      <Filter>Source Files</Filter>
    </ClCompile>
    <ClCompile Include="examples\raw_frame_reader.cpp">
      <Filter>Resource Files</Filter>
    </ClCompile>
    <ClCompile Include="src\peripheral\speaker.cpp">
      <Filter>Source Files</Filter>
    </ClCompile>
    <ClCompile Include="src\peripheral\speaker_sounds.cpp">
      <Filter>Source Files</Filter>
    </ClCompile>
    <ClCompile Include="src\terminal\TRoRTerminal.cpp">
      <Filter>Source Files</Filter>
    </ClCompile>
  </ItemGroup>
  <ItemGroup>
    <ResourceCompile Include="CraftOS-PC 2.rc">
      <Filter>Resource Files</Filter>
    </ResourceCompile>
  </ItemGroup>
  <ItemGroup>
    <Manifest Include="CraftOS-PC.exe.manifest">
      <Filter>Resource Files</Filter>
    </Manifest>
  </ItemGroup>
</Project>