<?xml version="1.0" encoding="utf-8"?>
<Project ToolsVersion="4.0" xmlns="http://schemas.microsoft.com/developer/msbuild/2003">
  <ItemGroup>
    <Filter Include="Source Files">
      <UniqueIdentifier>{4FC737F1-C7A5-4376-A066-2A32D752A2FF}</UniqueIdentifier>
      <Extensions>cpp;c;cc;cxx;def;odl;idl;hpj;bat;asm;asmx</Extensions>
    </Filter>
    <Filter Include="Header Files">
      <UniqueIdentifier>{93995380-89BD-4b04-88EB-625FBE52EBFB}</UniqueIdentifier>
      <Extensions>h;hh;hpp;hxx;hm;inl;inc;xsd</Extensions>
    </Filter>
    <Filter Include="Resource Files">
      <UniqueIdentifier>{67DA6AB6-F800-4c08-8B7A-83BB121AAD01}</UniqueIdentifier>
      <Extensions>rc;ico;cur;bmp;dlg;rc2;rct;bin;rgs;gif;jpg;jpeg;jpe;resx;tiff;tif;png;wav</Extensions>
    </Filter>
  </ItemGroup>
  <ItemGroup>
    <ClCompile Include="os.cpp">
      <Filter>Source Files</Filter>
    </ClCompile>
    <ClCompile Include="periphemu.cpp">
      <Filter>Source Files</Filter>
    </ClCompile>
    <ClCompile Include="platform.cpp">
      <Filter>Source Files</Filter>
    </ClCompile>
    <ClCompile Include="platform_win.cpp">
      <Filter>Source Files</Filter>
    </ClCompile>
    <ClCompile Include="term.cpp">
      <Filter>Source Files</Filter>
    </ClCompile>
    <ClCompile Include="TerminalWindow.cpp">
      <Filter>Source Files</Filter>
    </ClCompile>
    <ClCompile Include="config.c">
      <Filter>Source Files</Filter>
    </ClCompile>
    <ClCompile Include="fs.c">
      <Filter>Source Files</Filter>
    </ClCompile>
    <ClCompile Include="fs_handle.c">
      <Filter>Source Files</Filter>
    </ClCompile>
    <ClCompile Include="http.c">
      <Filter>Source Files</Filter>
    </ClCompile>
    <ClCompile Include="http_handle.c">
      <Filter>Source Files</Filter>
    </ClCompile>
    <ClCompile Include="lib.c">
      <Filter>Source Files</Filter>
    </ClCompile>
    <ClCompile Include="main.c">
      <Filter>Source Files</Filter>
    </ClCompile>
    <ClCompile Include="peripheral\monitor.cpp">
      <Filter>Source Files</Filter>
    </ClCompile>
    <ClCompile Include="peripheral\peripheral.cpp">
      <Filter>Source Files</Filter>
    </ClCompile>
    <ClCompile Include="peripheral\printer.cpp">
      <Filter>Source Files</Filter>
    </ClCompile>
    <ClCompile Include="platform_darwin.cpp">
      <Filter>Source Files</Filter>
    </ClCompile>
    <ClCompile Include="platform_linux.cpp">
      <Filter>Source Files</Filter>
    </ClCompile>
  </ItemGroup>
  <ItemGroup>
    <ClInclude Include="bit.h">
      <Filter>Header Files</Filter>
    </ClInclude>
    <ClInclude Include="config.h">
      <Filter>Header Files</Filter>
    </ClInclude>
    <ClInclude Include="fs.h">
      <Filter>Header Files</Filter>
    </ClInclude>
    <ClInclude Include="fs_handle.h">
      <Filter>Header Files</Filter>
    </ClInclude>
    <ClInclude Include="http.h">
      <Filter>Header Files</Filter>
    </ClInclude>
    <ClInclude Include="http_handle.h">
      <Filter>Header Files</Filter>
    </ClInclude>
    <ClInclude Include="lib.h">
      <Filter>Header Files</Filter>
    </ClInclude>
    <ClInclude Include="os.h">
      <Filter>Header Files</Filter>
    </ClInclude>
    <ClInclude Include="periphemu.h">
      <Filter>Header Files</Filter>
    </ClInclude>
    <ClInclude Include="platform.h">
      <Filter>Header Files</Filter>
    </ClInclude>
    <ClInclude Include="redstone.h">
      <Filter>Header Files</Filter>
    </ClInclude>
    <ClInclude Include="term.h">
      <Filter>Header Files</Filter>
    </ClInclude>
    <ClInclude Include="TerminalWindow.hpp">
      <Filter>Header Files</Filter>
    </ClInclude>
    <ClInclude Include="peripheral\peripheral.h">
      <Filter>Header Files</Filter>
    </ClInclude>
    <ClInclude Include="peripheral\monitor.hpp">
      <Filter>Header Files</Filter>
    </ClInclude>
    <ClInclude Include="peripheral\printer.hpp">
      <Filter>Header Files</Filter>
    </ClInclude>
  </ItemGroup>
  <ItemGroup>
    <None Include="bios.lua">
      <Filter>Resource Files</Filter>
    </None>
    <None Include="README.md">
      <Filter>Resource Files</Filter>
    </None>
    <None Include="packages.config" />
    <None Include="CraftOSTest.lua">
      <Filter>Resource Files</Filter>
    </None>
    <None Include="Makefile">
      <Filter>Resource Files</Filter>
    </None>
  </ItemGroup>
  <ItemGroup>
    <Image Include="craftos.bmp">
      <Filter>Resource Files</Filter>
    </Image>
  </ItemGroup>
</Project>