
Microsoft Visual Studio Solution File, Format Version 12.00
# Visual Studio Version 16
VisualStudioVersion = 16.0.28803.202
MinimumVisualStudioVersion = 10.0.40219.1
Project("{8BC9CEB8-8B4A-11D0-8D11-00A0C91BC942}") = "CraftOS-PC 2", "CraftOS-PC 2.vcxproj", "{966C1071-8EB9-4BBA-85A4-9F9BFE05F3B1}"
	ProjectSection(ProjectDependencies) = postProject
		{2CA94E9B-CCDF-46A3-A101-A2CFA05633FF} = {2CA94E9B-CCDF-46A3-A101-A2CFA05633FF}
	EndProjectSection
EndProject
Project("{8BC9CEB8-8B4A-11D0-8D11-00A0C91BC942}") = "craftos2-luajit", "craftos2-luajit\craftos2-luajit.vcxproj", "{2CA94E9B-CCDF-46A3-A101-A2CFA05633FF}"
EndProject
Project("{8BC9CEB8-8B4A-11D0-8D11-00A0C91BC942}") = "ccemux", "..\ccemux_luajit\ccemux.vcxproj", "{420CF327-F84D-4DA5-8A78-34C8B5CFCC7A}"
	ProjectSection(ProjectDependencies) = postProject
		{2CA94E9B-CCDF-46A3-A101-A2CFA05633FF} = {2CA94E9B-CCDF-46A3-A101-A2CFA05633FF}
	EndProjectSection
EndProject
Global
	GlobalSection(SolutionConfigurationPlatforms) = preSolution
		Debug|x64 = Debug|x64
		Debug|x86 = Debug|x86
		Release|x64 = Release|x64
		Release|x86 = Release|x86
		ReleaseC|x64 = ReleaseC|x64
		ReleaseC|x86 = ReleaseC|x86
		ReleaseStandalone|x64 = ReleaseStandalone|x64
		ReleaseStandalone|x86 = ReleaseStandalone|x86
	EndGlobalSection
	GlobalSection(ProjectConfigurationPlatforms) = postSolution
		{966C1071-8EB9-4BBA-85A4-9F9BFE05F3B1}.Debug|x64.ActiveCfg = Debug|x64
		{966C1071-8EB9-4BBA-85A4-9F9BFE05F3B1}.Debug|x64.Build.0 = Debug|x64
		{966C1071-8EB9-4BBA-85A4-9F9BFE05F3B1}.Debug|x86.ActiveCfg = Debug|Win32
		{966C1071-8EB9-4BBA-85A4-9F9BFE05F3B1}.Debug|x86.Build.0 = Debug|Win32
		{966C1071-8EB9-4BBA-85A4-9F9BFE05F3B1}.Release|x64.ActiveCfg = Release|x64
		{966C1071-8EB9-4BBA-85A4-9F9BFE05F3B1}.Release|x64.Build.0 = Release|x64
		{966C1071-8EB9-4BBA-85A4-9F9BFE05F3B1}.Release|x86.ActiveCfg = Release|Win32
		{966C1071-8EB9-4BBA-85A4-9F9BFE05F3B1}.Release|x86.Build.0 = Release|Win32
		{966C1071-8EB9-4BBA-85A4-9F9BFE05F3B1}.ReleaseC|x64.ActiveCfg = ReleaseC|x64
		{966C1071-8EB9-4BBA-85A4-9F9BFE05F3B1}.ReleaseC|x64.Build.0 = ReleaseC|x64
		{966C1071-8EB9-4BBA-85A4-9F9BFE05F3B1}.ReleaseC|x86.ActiveCfg = ReleaseC|Win32
		{966C1071-8EB9-4BBA-85A4-9F9BFE05F3B1}.ReleaseC|x86.Build.0 = ReleaseC|Win32
		{966C1071-8EB9-4BBA-85A4-9F9BFE05F3B1}.ReleaseStandalone|x64.ActiveCfg = ReleaseStandalone|x64
		{966C1071-8EB9-4BBA-85A4-9F9BFE05F3B1}.ReleaseStandalone|x64.Build.0 = ReleaseStandalone|x64
		{966C1071-8EB9-4BBA-85A4-9F9BFE05F3B1}.ReleaseStandalone|x86.ActiveCfg = ReleaseStandalone|Win32
		{966C1071-8EB9-4BBA-85A4-9F9BFE05F3B1}.ReleaseStandalone|x86.Build.0 = ReleaseStandalone|Win32
		{2CA94E9B-CCDF-46A3-A101-A2CFA05633FF}.Debug|x64.ActiveCfg = Debug|x64
		{2CA94E9B-CCDF-46A3-A101-A2CFA05633FF}.Debug|x64.Build.0 = Debug|x64
		{2CA94E9B-CCDF-46A3-A101-A2CFA05633FF}.Debug|x86.ActiveCfg = Debug|Win32
		{2CA94E9B-CCDF-46A3-A101-A2CFA05633FF}.Debug|x86.Build.0 = Debug|Win32
		{2CA94E9B-CCDF-46A3-A101-A2CFA05633FF}.Release|x64.ActiveCfg = Release|x64
		{2CA94E9B-CCDF-46A3-A101-A2CFA05633FF}.Release|x64.Build.0 = Release|x64
		{2CA94E9B-CCDF-46A3-A101-A2CFA05633FF}.Release|x86.ActiveCfg = Release|Win32
		{2CA94E9B-CCDF-46A3-A101-A2CFA05633FF}.Release|x86.Build.0 = Release|Win32
		{2CA94E9B-CCDF-46A3-A101-A2CFA05633FF}.ReleaseC|x64.ActiveCfg = Release|x64
		{2CA94E9B-CCDF-46A3-A101-A2CFA05633FF}.ReleaseC|x64.Build.0 = Release|x64
		{2CA94E9B-CCDF-46A3-A101-A2CFA05633FF}.ReleaseC|x86.ActiveCfg = Release|Win32
		{2CA94E9B-CCDF-46A3-A101-A2CFA05633FF}.ReleaseC|x86.Build.0 = Release|Win32
		{2CA94E9B-CCDF-46A3-A101-A2CFA05633FF}.ReleaseStandalone|x64.ActiveCfg = Release|x64
		{2CA94E9B-CCDF-46A3-A101-A2CFA05633FF}.ReleaseStandalone|x64.Build.0 = Release|x64
		{2CA94E9B-CCDF-46A3-A101-A2CFA05633FF}.ReleaseStandalone|x86.ActiveCfg = Release|Win32
		{2CA94E9B-CCDF-46A3-A101-A2CFA05633FF}.ReleaseStandalone|x86.Build.0 = Release|Win32
		{420CF327-F84D-4DA5-8A78-34C8B5CFCC7A}.Debug|x64.ActiveCfg = Debug|x64
		{420CF327-F84D-4DA5-8A78-34C8B5CFCC7A}.Debug|x64.Build.0 = Debug|x64
		{420CF327-F84D-4DA5-8A78-34C8B5CFCC7A}.Debug|x86.ActiveCfg = Debug|Win32
		{420CF327-F84D-4DA5-8A78-34C8B5CFCC7A}.Debug|x86.Build.0 = Debug|Win32
		{420CF327-F84D-4DA5-8A78-34C8B5CFCC7A}.Release|x64.ActiveCfg = Release|x64
		{420CF327-F84D-4DA5-8A78-34C8B5CFCC7A}.Release|x64.Build.0 = Release|x64
		{420CF327-F84D-4DA5-8A78-34C8B5CFCC7A}.Release|x86.ActiveCfg = Release|Win32
		{420CF327-F84D-4DA5-8A78-34C8B5CFCC7A}.Release|x86.Build.0 = Release|Win32
		{420CF327-F84D-4DA5-8A78-34C8B5CFCC7A}.ReleaseC|x64.ActiveCfg = Release|x64
		{420CF327-F84D-4DA5-8A78-34C8B5CFCC7A}.ReleaseC|x64.Build.0 = Release|x64
		{420CF327-F84D-4DA5-8A78-34C8B5CFCC7A}.ReleaseC|x86.ActiveCfg = Release|Win32
		{420CF327-F84D-4DA5-8A78-34C8B5CFCC7A}.ReleaseC|x86.Build.0 = Release|Win32
		{420CF327-F84D-4DA5-8A78-34C8B5CFCC7A}.ReleaseStandalone|x64.ActiveCfg = Release|x64
		{420CF327-F84D-4DA5-8A78-34C8B5CFCC7A}.ReleaseStandalone|x64.Build.0 = Release|x64
		{420CF327-F84D-4DA5-8A78-34C8B5CFCC7A}.ReleaseStandalone|x86.ActiveCfg = Release|Win32
		{420CF327-F84D-4DA5-8A78-34C8B5CFCC7A}.ReleaseStandalone|x86.Build.0 = Release|Win32
	EndGlobalSection
	GlobalSection(SolutionProperties) = preSolution
		HideSolutionNode = FALSE
	EndGlobalSection
	GlobalSection(ExtensibilityGlobals) = postSolution
		SolutionGuid = {504A7D4D-ACC2-498C-9EBD-5475516EDBB4}
	EndGlobalSection
EndGlobal
